
Microsoft Visual Studio Solution File, Format Version 12.00
# Visual Studio Version 17
VisualStudioVersion = 17.14.36127.28
MinimumVisualStudioVersion = 10.0.40219.1
Project("{FAE04EC0-301F-11D3-BF4B-00C04F79EFBC}") = "ControleDeEstoque", "ControleDeEstoque\ControleDeEstoque.csproj", "{EB915F72-1628-41C6-8984-01B79263B15A}"
EndProject
Global
	GlobalSection(SolutionConfigurationPlatforms) = preSolution
		Debug|Any CPU = Debug|Any CPU
		Release|Any CPU = Release|Any CPU
	EndGlobalSection
	GlobalSection(ProjectConfigurationPlatforms) = postSolution
		{EB915F72-1628-41C6-8984-01B79263B15A}.Debug|Any CPU.ActiveCfg = Debug|Any CPU
		{EB915F72-1628-41C6-8984-01B79263B15A}.Debug|Any CPU.Build.0 = Debug|Any CPU
		{EB915F72-1628-41C6-8984-01B79263B15A}.Release|Any CPU.ActiveCfg = Release|Any CPU
		{EB915F72-1628-41C6-8984-01B79263B15A}.Release|Any CPU.Build.0 = Release|Any CPU
	EndGlobalSection
	GlobalSection(SolutionProperties) = preSolution
		HideSolutionNode = FALSE
	EndGlobalSection
	GlobalSection(ExtensibilityGlobals) = postSolution
		SolutionGuid = {3E27510A-4635-461B-B1A0-00C3E6B6D324}
	EndGlobalSection
EndGlobal
